
Microsoft Visual Studio Solution File, Format Version 12.00
# Visual Studio 2012
Project("{FAE04EC0-301F-11D3-BF4B-00C04F79EFBC}") = "CardGameServer.CSharp", "CardGameServer.CSharp.csproj", "{126BA4C5-7875-A75C-A14D-1C5B09167996}"
EndProject
Global
	GlobalSection(SolutionConfigurationPlatforms) = preSolution
		Debug|Any CPU = Debug|Any CPU
		Release|Any CPU = Release|Any CPU
	EndGlobalSection
	GlobalSection(ProjectConfigurationPlatforms) = postSolution
		{126BA4C5-7875-A75C-A14D-1C5B09167996}.Debug|Any CPU.ActiveCfg = Debug|Any CPU
		{126BA4C5-7875-A75C-A14D-1C5B09167996}.Debug|Any CPU.Build.0 = Debug|Any CPU
		{126BA4C5-7875-A75C-A14D-1C5B09167996}.Release|Any CPU.ActiveCfg = Release|Any CPU
		{126BA4C5-7875-A75C-A14D-1C5B09167996}.Release|Any CPU.Build.0 = Release|Any CPU
	EndGlobalSection
	GlobalSection(SolutionProperties) = preSolution
		HideSolutionNode = FALSE
	EndGlobalSection
EndGlobal
